
Microsoft Visual Studio Solution File, Format Version 12.00
# Visual Studio Version 16
VisualStudioVersion = 16.0.30104.148
MinimumVisualStudioVersion = 10.0.40219.1
Project("{FAE04EC0-301F-11D3-BF4B-00C04F79EFBC}") = "Generify.Droid", "Generify\Generify.Android\Generify.Droid.csproj", "{0588B4D3-3BCE-4912-ABD8-B2AB231223B6}"
EndProject
Project("{FAE04EC0-301F-11D3-BF4B-00C04F79EFBC}") = "Generify.iOS", "Generify\Generify.iOS\Generify.iOS.csproj", "{9164F4B8-93BE-40EC-A8E1-17C0693C9BA9}"
EndProject
Project("{9A19103F-16F7-4668-BE54-9A1E7A4F7556}") = "Generify", "Generify\Generify\Generify.csproj", "{5FF315F8-6ECF-4AED-A42B-7DE59404ADC4}"
EndProject
Project("{2150E333-8FDC-42A3-9474-1A3956D46DE8}") = "UI", "UI", "{E0A0B1CA-4A48-44B5-B155-07990300A849}"
EndProject
Project("{2150E333-8FDC-42A3-9474-1A3956D46DE8}") = "Logic", "Logic", "{CEC3B62F-5A31-428E-BBBF-1C798446734E}"
EndProject
Project("{2150E333-8FDC-42A3-9474-1A3956D46DE8}") = "Apps", "Apps", "{DA94043A-33E9-44D1-8D6D-7B8F4413F938}"
EndProject
Project("{9A19103F-16F7-4668-BE54-9A1E7A4F7556}") = "Generify.Logic", "Generify.Logic\Generify.Logic.csproj", "{617C8171-61BA-47B5-AFD6-3129681850CE}"
EndProject
Project("{9A19103F-16F7-4668-BE54-9A1E7A4F7556}") = "Generify.Contracts", "Generify.Contracts\Generify.Contracts.csproj", "{32A4A247-705A-4C5B-A84A-55EED2019223}"
EndProject
Project("{9A19103F-16F7-4668-BE54-9A1E7A4F7556}") = "Generify.Network", "Generify.Network\Generify.Network.csproj", "{E2D8F460-64D8-4722-80BA-1AC7A2128AD5}"
EndProject
Global
	GlobalSection(SolutionConfigurationPlatforms) = preSolution
		Debug|Any CPU = Debug|Any CPU
		Debug|iPhone = Debug|iPhone
		Debug|iPhoneSimulator = Debug|iPhoneSimulator
		Release|Any CPU = Release|Any CPU
		Release|iPhone = Release|iPhone
		Release|iPhoneSimulator = Release|iPhoneSimulator
	EndGlobalSection
	GlobalSection(ProjectConfigurationPlatforms) = postSolution
		{0588B4D3-3BCE-4912-ABD8-B2AB231223B6}.Debug|Any CPU.ActiveCfg = Debug|Any CPU
		{0588B4D3-3BCE-4912-ABD8-B2AB231223B6}.Debug|Any CPU.Build.0 = Debug|Any CPU
		{0588B4D3-3BCE-4912-ABD8-B2AB231223B6}.Debug|Any CPU.Deploy.0 = Debug|Any CPU
		{0588B4D3-3BCE-4912-ABD8-B2AB231223B6}.Debug|iPhone.ActiveCfg = Debug|Any CPU
		{0588B4D3-3BCE-4912-ABD8-B2AB231223B6}.Debug|iPhone.Build.0 = Debug|Any CPU
		{0588B4D3-3BCE-4912-ABD8-B2AB231223B6}.Debug|iPhone.Deploy.0 = Debug|Any CPU
		{0588B4D3-3BCE-4912-ABD8-B2AB231223B6}.Debug|iPhoneSimulator.ActiveCfg = Debug|Any CPU
		{0588B4D3-3BCE-4912-ABD8-B2AB231223B6}.Debug|iPhoneSimulator.Build.0 = Debug|Any CPU
		{0588B4D3-3BCE-4912-ABD8-B2AB231223B6}.Debug|iPhoneSimulator.Deploy.0 = Debug|Any CPU
		{0588B4D3-3BCE-4912-ABD8-B2AB231223B6}.Release|Any CPU.ActiveCfg = Release|Any CPU
		{0588B4D3-3BCE-4912-ABD8-B2AB231223B6}.Release|Any CPU.Build.0 = Release|Any CPU
		{0588B4D3-3BCE-4912-ABD8-B2AB231223B6}.Release|Any CPU.Deploy.0 = Release|Any CPU
		{0588B4D3-3BCE-4912-ABD8-B2AB231223B6}.Release|iPhone.ActiveCfg = Release|Any CPU
		{0588B4D3-3BCE-4912-ABD8-B2AB231223B6}.Release|iPhone.Build.0 = Release|Any CPU
		{0588B4D3-3BCE-4912-ABD8-B2AB231223B6}.Release|iPhone.Deploy.0 = Release|Any CPU
		{0588B4D3-3BCE-4912-ABD8-B2AB231223B6}.Release|iPhoneSimulator.ActiveCfg = Release|Any CPU
		{0588B4D3-3BCE-4912-ABD8-B2AB231223B6}.Release|iPhoneSimulator.Build.0 = Release|Any CPU
		{0588B4D3-3BCE-4912-ABD8-B2AB231223B6}.Release|iPhoneSimulator.Deploy.0 = Release|Any CPU
		{9164F4B8-93BE-40EC-A8E1-17C0693C9BA9}.Debug|Any CPU.ActiveCfg = Debug|iPhone
		{9164F4B8-93BE-40EC-A8E1-17C0693C9BA9}.Debug|Any CPU.Build.0 = Debug|iPhone
		{9164F4B8-93BE-40EC-A8E1-17C0693C9BA9}.Debug|Any CPU.Deploy.0 = Debug|iPhone
		{9164F4B8-93BE-40EC-A8E1-17C0693C9BA9}.Debug|iPhone.ActiveCfg = Debug|iPhone
		{9164F4B8-93BE-40EC-A8E1-17C0693C9BA9}.Debug|iPhone.Build.0 = Debug|iPhone
		{9164F4B8-93BE-40EC-A8E1-17C0693C9BA9}.Debug|iPhone.Deploy.0 = Debug|iPhone
		{9164F4B8-93BE-40EC-A8E1-17C0693C9BA9}.Debug|iPhoneSimulator.ActiveCfg = Debug|iPhoneSimulator
		{9164F4B8-93BE-40EC-A8E1-17C0693C9BA9}.Debug|iPhoneSimulator.Build.0 = Debug|iPhoneSimulator
		{9164F4B8-93BE-40EC-A8E1-17C0693C9BA9}.Debug|iPhoneSimulator.Deploy.0 = Debug|iPhoneSimulator
		{9164F4B8-93BE-40EC-A8E1-17C0693C9BA9}.Release|Any CPU.ActiveCfg = Release|iPhone
		{9164F4B8-93BE-40EC-A8E1-17C0693C9BA9}.Release|Any CPU.Build.0 = Release|iPhone
		{9164F4B8-93BE-40EC-A8E1-17C0693C9BA9}.Release|Any CPU.Deploy.0 = Release|iPhone
		{9164F4B8-93BE-40EC-A8E1-17C0693C9BA9}.Release|iPhone.ActiveCfg = Release|iPhone
		{9164F4B8-93BE-40EC-A8E1-17C0693C9BA9}.Release|iPhone.Build.0 = Release|iPhone
		{9164F4B8-93BE-40EC-A8E1-17C0693C9BA9}.Release|iPhone.Deploy.0 = Release|iPhone
		{9164F4B8-93BE-40EC-A8E1-17C0693C9BA9}.Release|iPhoneSimulator.ActiveCfg = Release|iPhoneSimulator
		{9164F4B8-93BE-40EC-A8E1-17C0693C9BA9}.Release|iPhoneSimulator.Build.0 = Release|iPhoneSimulator
		{9164F4B8-93BE-40EC-A8E1-17C0693C9BA9}.Release|iPhoneSimulator.Deploy.0 = Release|iPhoneSimulator
		{5FF315F8-6ECF-4AED-A42B-7DE59404ADC4}.Debug|Any CPU.ActiveCfg = Debug|Any CPU
		{5FF315F8-6ECF-4AED-A42B-7DE59404ADC4}.Debug|Any CPU.Build.0 = Debug|Any CPU
		{5FF315F8-6ECF-4AED-A42B-7DE59404ADC4}.Debug|Any CPU.Deploy.0 = Debug|Any CPU
		{5FF315F8-6ECF-4AED-A42B-7DE59404ADC4}.Debug|iPhone.ActiveCfg = Debug|Any CPU
		{5FF315F8-6ECF-4AED-A42B-7DE59404ADC4}.Debug|iPhone.Build.0 = Debug|Any CPU
		{5FF315F8-6ECF-4AED-A42B-7DE59404ADC4}.Debug|iPhone.Deploy.0 = Debug|Any CPU
		{5FF315F8-6ECF-4AED-A42B-7DE59404ADC4}.Debug|iPhoneSimulator.ActiveCfg = Debug|Any CPU
		{5FF315F8-6ECF-4AED-A42B-7DE59404ADC4}.Debug|iPhoneSimulator.Build.0 = Debug|Any CPU
		{5FF315F8-6ECF-4AED-A42B-7DE59404ADC4}.Debug|iPhoneSimulator.Deploy.0 = Debug|Any CPU
		{5FF315F8-6ECF-4AED-A42B-7DE59404ADC4}.Release|Any CPU.ActiveCfg = Release|Any CPU
		{5FF315F8-6ECF-4AED-A42B-7DE59404ADC4}.Release|Any CPU.Build.0 = Release|Any CPU
		{5FF315F8-6ECF-4AED-A42B-7DE59404ADC4}.Release|Any CPU.Deploy.0 = Release|Any CPU
		{5FF315F8-6ECF-4AED-A42B-7DE59404ADC4}.Release|iPhone.ActiveCfg = Release|Any CPU
		{5FF315F8-6ECF-4AED-A42B-7DE59404ADC4}.Release|iPhone.Build.0 = Release|Any CPU
		{5FF315F8-6ECF-4AED-A42B-7DE59404ADC4}.Release|iPhone.Deploy.0 = Release|Any CPU
		{5FF315F8-6ECF-4AED-A42B-7DE59404ADC4}.Release|iPhoneSimulator.ActiveCfg = Release|Any CPU
		{5FF315F8-6ECF-4AED-A42B-7DE59404ADC4}.Release|iPhoneSimulator.Build.0 = Release|Any CPU
		{5FF315F8-6ECF-4AED-A42B-7DE59404ADC4}.Release|iPhoneSimulator.Deploy.0 = Release|Any CPU
		{617C8171-61BA-47B5-AFD6-3129681850CE}.Debug|Any CPU.ActiveCfg = Debug|Any CPU
		{617C8171-61BA-47B5-AFD6-3129681850CE}.Debug|Any CPU.Build.0 = Debug|Any CPU
		{617C8171-61BA-47B5-AFD6-3129681850CE}.Debug|iPhone.ActiveCfg = Debug|Any CPU
		{617C8171-61BA-47B5-AFD6-3129681850CE}.Debug|iPhone.Build.0 = Debug|Any CPU
		{617C8171-61BA-47B5-AFD6-3129681850CE}.Debug|iPhoneSimulator.ActiveCfg = Debug|Any CPU
		{617C8171-61BA-47B5-AFD6-3129681850CE}.Debug|iPhoneSimulator.Build.0 = Debug|Any CPU
		{617C8171-61BA-47B5-AFD6-3129681850CE}.Release|Any CPU.ActiveCfg = Release|Any CPU
		{617C8171-61BA-47B5-AFD6-3129681850CE}.Release|Any CPU.Build.0 = Release|Any CPU
		{617C8171-61BA-47B5-AFD6-3129681850CE}.Release|iPhone.ActiveCfg = Release|Any CPU
		{617C8171-61BA-47B5-AFD6-3129681850CE}.Release|iPhone.Build.0 = Release|Any CPU
		{617C8171-61BA-47B5-AFD6-3129681850CE}.Release|iPhoneSimulator.ActiveCfg = Release|Any CPU
		{617C8171-61BA-47B5-AFD6-3129681850CE}.Release|iPhoneSimulator.Build.0 = Release|Any CPU
		{32A4A247-705A-4C5B-A84A-55EED2019223}.Debug|Any CPU.ActiveCfg = Debug|Any CPU
		{32A4A247-705A-4C5B-A84A-55EED2019223}.Debug|Any CPU.Build.0 = Debug|Any CPU
		{32A4A247-705A-4C5B-A84A-55EED2019223}.Debug|iPhone.ActiveCfg = Debug|Any CPU
		{32A4A247-705A-4C5B-A84A-55EED2019223}.Debug|iPhone.Build.0 = Debug|Any CPU
		{32A4A247-705A-4C5B-A84A-55EED2019223}.Debug|iPhoneSimulator.ActiveCfg = Debug|Any CPU
		{32A4A247-705A-4C5B-A84A-55EED2019223}.Debug|iPhoneSimulator.Build.0 = Debug|Any CPU
		{32A4A247-705A-4C5B-A84A-55EED2019223}.Release|Any CPU.ActiveCfg = Release|Any CPU
		{32A4A247-705A-4C5B-A84A-55EED2019223}.Release|Any CPU.Build.0 = Release|Any CPU
		{32A4A247-705A-4C5B-A84A-55EED2019223}.Release|iPhone.ActiveCfg = Release|Any CPU
		{32A4A247-705A-4C5B-A84A-55EED2019223}.Release|iPhone.Build.0 = Release|Any CPU
		{32A4A247-705A-4C5B-A84A-55EED2019223}.Release|iPhoneSimulator.ActiveCfg = Release|Any CPU
		{32A4A247-705A-4C5B-A84A-55EED2019223}.Release|iPhoneSimulator.Build.0 = Release|Any CPU
		{E2D8F460-64D8-4722-80BA-1AC7A2128AD5}.Debug|Any CPU.ActiveCfg = Debug|Any CPU
		{E2D8F460-64D8-4722-80BA-1AC7A2128AD5}.Debug|Any CPU.Build.0 = Debug|Any CPU
		{E2D8F460-64D8-4722-80BA-1AC7A2128AD5}.Debug|iPhone.ActiveCfg = Debug|Any CPU
		{E2D8F460-64D8-4722-80BA-1AC7A2128AD5}.Debug|iPhone.Build.0 = Debug|Any CPU
		{E2D8F460-64D8-4722-80BA-1AC7A2128AD5}.Debug|iPhoneSimulator.ActiveCfg = Debug|Any CPU
		{E2D8F460-64D8-4722-80BA-1AC7A2128AD5}.Debug|iPhoneSimulator.Build.0 = Debug|Any CPU
		{E2D8F460-64D8-4722-80BA-1AC7A2128AD5}.Release|Any CPU.ActiveCfg = Release|Any CPU
		{E2D8F460-64D8-4722-80BA-1AC7A2128AD5}.Release|Any CPU.Build.0 = Release|Any CPU
		{E2D8F460-64D8-4722-80BA-1AC7A2128AD5}.Release|iPhone.ActiveCfg = Release|Any CPU
		{E2D8F460-64D8-4722-80BA-1AC7A2128AD5}.Release|iPhone.Build.0 = Release|Any CPU
		{E2D8F460-64D8-4722-80BA-1AC7A2128AD5}.Release|iPhoneSimulator.ActiveCfg = Release|Any CPU
		{E2D8F460-64D8-4722-80BA-1AC7A2128AD5}.Release|iPhoneSimulator.Build.0 = Release|Any CPU
	EndGlobalSection
	GlobalSection(SolutionProperties) = preSolution
		HideSolutionNode = FALSE
	EndGlobalSection
	GlobalSection(NestedProjects) = preSolution
		{0588B4D3-3BCE-4912-ABD8-B2AB231223B6} = {DA94043A-33E9-44D1-8D6D-7B8F4413F938}
		{9164F4B8-93BE-40EC-A8E1-17C0693C9BA9} = {DA94043A-33E9-44D1-8D6D-7B8F4413F938}
		{5FF315F8-6ECF-4AED-A42B-7DE59404ADC4} = {E0A0B1CA-4A48-44B5-B155-07990300A849}
		{617C8171-61BA-47B5-AFD6-3129681850CE} = {CEC3B62F-5A31-428E-BBBF-1C798446734E}
		{32A4A247-705A-4C5B-A84A-55EED2019223} = {CEC3B62F-5A31-428E-BBBF-1C798446734E}
		{E2D8F460-64D8-4722-80BA-1AC7A2128AD5} = {CEC3B62F-5A31-428E-BBBF-1C798446734E}
	EndGlobalSection
	GlobalSection(ExtensibilityGlobals) = postSolution
		SolutionGuid = {2826D976-9BDD-4132-B4F8-F6C59A72666F}
	EndGlobalSection
EndGlobal
